// !$*UTF8*$!
{
	archiveVersion = 1;
	classes = {
	};
	objectVersion = 46;
	objects = {

/* Begin PBXBuildFile section */
		629B4BB81C03EE8E00F89F92 /* JYPageViewController5.m in Sources */ = {isa = PBXBuildFile; fileRef = 629B4BB71C03EE8E00F89F92 /* JYPageViewController5.m */; };
		62C3A5C11C031EA800E23FD8 /* main.m in Sources */ = {isa = PBXBuildFile; fileRef = 62C3A5C01C031EA800E23FD8 /* main.m */; };
		62C3A5C41C031EA800E23FD8 /* AppDelegate.m in Sources */ = {isa = PBXBuildFile; fileRef = 62C3A5C31C031EA800E23FD8 /* AppDelegate.m */; };
		62C3A5CA1C031EA800E23FD8 /* Main.storyboard in Resources */ = {isa = PBXBuildFile; fileRef = 62C3A5C81C031EA800E23FD8 /* Main.storyboard */; };
		62C3A5CC1C031EA800E23FD8 /* Assets.xcassets in Resources */ = {isa = PBXBuildFile; fileRef = 62C3A5CB1C031EA800E23FD8 /* Assets.xcassets */; };
		62C3A5CF1C031EA800E23FD8 /* LaunchScreen.storyboard in Resources */ = {isa = PBXBuildFile; fileRef = 62C3A5CD1C031EA800E23FD8 /* LaunchScreen.storyboard */; };
		62C3A5DA1C031EA800E23FD8 /* JYScrollPageViewControllerTests.m in Sources */ = {isa = PBXBuildFile; fileRef = 62C3A5D91C031EA800E23FD8 /* JYScrollPageViewControllerTests.m */; };
		62C3A5E51C031EA800E23FD8 /* JYScrollPageViewControllerUITests.m in Sources */ = {isa = PBXBuildFile; fileRef = 62C3A5E41C031EA800E23FD8 /* JYScrollPageViewControllerUITests.m */; };
		62C3A5FD1C03395F00E23FD8 /* JYPageViewController1.m in Sources */ = {isa = PBXBuildFile; fileRef = 62C3A5FC1C03395F00E23FD8 /* JYPageViewController1.m */; };
		62C3A6001C03397900E23FD8 /* JYPageViewController2.m in Sources */ = {isa = PBXBuildFile; fileRef = 62C3A5FF1C03397900E23FD8 /* JYPageViewController2.m */; };
		62C3A6031C036D3A00E23FD8 /* JYPageViewController3.m in Sources */ = {isa = PBXBuildFile; fileRef = 62C3A6021C036D3A00E23FD8 /* JYPageViewController3.m */; };
		62C3A6061C0370DD00E23FD8 /* JYPageViewController4.m in Sources */ = {isa = PBXBuildFile; fileRef = 62C3A6051C0370DD00E23FD8 /* JYPageViewController4.m */; };
		62FC1DCA1C07180F0090D1BB /* JYScrollBar.m in Sources */ = {isa = PBXBuildFile; fileRef = 62FC1DC61C07180F0090D1BB /* JYScrollBar.m */; };
		62FC1DCB1C07180F0090D1BB /* JYScrollPageViewConrtoller.m in Sources */ = {isa = PBXBuildFile; fileRef = 62FC1DC91C07180F0090D1BB /* JYScrollPageViewConrtoller.m */; };
/* End PBXBuildFile section */

/* Begin PBXContainerItemProxy section */
		62C3A5D61C031EA800E23FD8 /* PBXContainerItemProxy */ = {
			isa = PBXContainerItemProxy;
			containerPortal = 62C3A5B41C031EA800E23FD8 /* Project object */;
			proxyType = 1;
			remoteGlobalIDString = 62C3A5BB1C031EA800E23FD8;
			remoteInfo = JYScrollPageViewController;
		};
		62C3A5E11C031EA800E23FD8 /* PBXContainerItemProxy */ = {
			isa = PBXContainerItemProxy;
			containerPortal = 62C3A5B41C031EA800E23FD8 /* Project object */;
			proxyType = 1;
			remoteGlobalIDString = 62C3A5BB1C031EA800E23FD8;
			remoteInfo = JYScrollPageViewController;
		};
/* End PBXContainerItemProxy section */

/* Begin PBXFileReference section */
		629B4BB61C03EE8E00F89F92 /* JYPageViewController5.h */ = {isa = PBXFileReference; fileEncoding = 4; lastKnownFileType = sourcecode.c.h; path = JYPageViewController5.h; sourceTree = "<group>"; };
		629B4BB71C03EE8E00F89F92 /* JYPageViewController5.m */ = {isa = PBXFileReference; fileEncoding = 4; lastKnownFileType = sourcecode.c.objc; path = JYPageViewController5.m; sourceTree = "<group>"; };
		62C3A5BC1C031EA800E23FD8 /* JYScrollPageViewController.app */ = {isa = PBXFileReference; explicitFileType = wrapper.application; includeInIndex = 0; path = JYScrollPageViewController.app; sourceTree = BUILT_PRODUCTS_DIR; };
		62C3A5C01C031EA800E23FD8 /* main.m */ = {isa = PBXFileReference; lastKnownFileType = sourcecode.c.objc; path = main.m; sourceTree = "<group>"; };
		62C3A5C21C031EA800E23FD8 /* AppDelegate.h */ = {isa = PBXFileReference; lastKnownFileType = sourcecode.c.h; path = AppDelegate.h; sourceTree = "<group>"; };
		62C3A5C31C031EA800E23FD8 /* AppDelegate.m */ = {isa = PBXFileReference; lastKnownFileType = sourcecode.c.objc; path = AppDelegate.m; sourceTree = "<group>"; };
		62C3A5C91C031EA800E23FD8 /* Base */ = {isa = PBXFileReference; lastKnownFileType = file.storyboard; name = Base; path = Base.lproj/Main.storyboard; sourceTree = "<group>"; };
		62C3A5CB1C031EA800E23FD8 /* Assets.xcassets */ = {isa = PBXFileReference; lastKnownFileType = folder.assetcatalog; path = Assets.xcassets; sourceTree = "<group>"; };
		62C3A5CE1C031EA800E23FD8 /* Base */ = {isa = PBXFileReference; lastKnownFileType = file.storyboard; name = Base; path = Base.lproj/LaunchScreen.storyboard; sourceTree = "<group>"; };
		62C3A5D01C031EA800E23FD8 /* Info.plist */ = {isa = PBXFileReference; lastKnownFileType = text.plist.xml; path = Info.plist; sourceTree = "<group>"; };
		62C3A5D51C031EA800E23FD8 /* JYScrollPageViewControllerTests.xctest */ = {isa = PBXFileReference; explicitFileType = wrapper.cfbundle; includeInIndex = 0; path = JYScrollPageViewControllerTests.xctest; sourceTree = BUILT_PRODUCTS_DIR; };
		62C3A5D91C031EA800E23FD8 /* JYScrollPageViewControllerTests.m */ = {isa = PBXFileReference; lastKnownFileType = sourcecode.c.objc; path = JYScrollPageViewControllerTests.m; sourceTree = "<group>"; };
		62C3A5DB1C031EA800E23FD8 /* Info.plist */ = {isa = PBXFileReference; lastKnownFileType = text.plist.xml; path = Info.plist; sourceTree = "<group>"; };
		62C3A5E01C031EA800E23FD8 /* JYScrollPageViewControllerUITests.xctest */ = {isa = PBXFileReference; explicitFileType = wrapper.cfbundle; includeInIndex = 0; path = JYScrollPageViewControllerUITests.xctest; sourceTree = BUILT_PRODUCTS_DIR; };
		62C3A5E41C031EA800E23FD8 /* JYScrollPageViewControllerUITests.m */ = {isa = PBXFileReference; lastKnownFileType = sourcecode.c.objc; path = JYScrollPageViewControllerUITests.m; sourceTree = "<group>"; };
		62C3A5E61C031EA800E23FD8 /* Info.plist */ = {isa = PBXFileReference; lastKnownFileType = text.plist.xml; path = Info.plist; sourceTree = "<group>"; };
		62C3A5FB1C03395F00E23FD8 /* JYPageViewController1.h */ = {isa = PBXFileReference; fileEncoding = 4; lastKnownFileType = sourcecode.c.h; path = JYPageViewController1.h; sourceTree = "<group>"; };
		62C3A5FC1C03395F00E23FD8 /* JYPageViewController1.m */ = {isa = PBXFileReference; fileEncoding = 4; lastKnownFileType = sourcecode.c.objc; path = JYPageViewController1.m; sourceTree = "<group>"; };
		62C3A5FE1C03397900E23FD8 /* JYPageViewController2.h */ = {isa = PBXFileReference; fileEncoding = 4; lastKnownFileType = sourcecode.c.h; path = JYPageViewController2.h; sourceTree = "<group>"; };
		62C3A5FF1C03397900E23FD8 /* JYPageViewController2.m */ = {isa = PBXFileReference; fileEncoding = 4; lastKnownFileType = sourcecode.c.objc; path = JYPageViewController2.m; sourceTree = "<group>"; };
		62C3A6011C036D3A00E23FD8 /* JYPageViewController3.h */ = {isa = PBXFileReference; fileEncoding = 4; lastKnownFileType = sourcecode.c.h; path = JYPageViewController3.h; sourceTree = "<group>"; };
		62C3A6021C036D3A00E23FD8 /* JYPageViewController3.m */ = {isa = PBXFileReference; fileEncoding = 4; lastKnownFileType = sourcecode.c.objc; path = JYPageViewController3.m; sourceTree = "<group>"; };
		62C3A6041C0370DD00E23FD8 /* JYPageViewController4.h */ = {isa = PBXFileReference; fileEncoding = 4; lastKnownFileType = sourcecode.c.h; path = JYPageViewController4.h; sourceTree = "<group>"; };
		62C3A6051C0370DD00E23FD8 /* JYPageViewController4.m */ = {isa = PBXFileReference; fileEncoding = 4; lastKnownFileType = sourcecode.c.objc; path = JYPageViewController4.m; sourceTree = "<group>"; };
		62FC1DC51C07180F0090D1BB /* JYScrollBar.h */ = {isa = PBXFileReference; fileEncoding = 4; lastKnownFileType = sourcecode.c.h; path = JYScrollBar.h; sourceTree = "<group>"; };
		62FC1DC61C07180F0090D1BB /* JYScrollBar.m */ = {isa = PBXFileReference; fileEncoding = 4; lastKnownFileType = sourcecode.c.objc; path = JYScrollBar.m; sourceTree = "<group>"; };
		62FC1DC71C07180F0090D1BB /* JYScrollPageControllerDelegate.h */ = {isa = PBXFileReference; fileEncoding = 4; lastKnownFileType = sourcecode.c.h; path = JYScrollPageControllerDelegate.h; sourceTree = "<group>"; };
		62FC1DC81C07180F0090D1BB /* JYScrollPageViewConrtoller.h */ = {isa = PBXFileReference; fileEncoding = 4; lastKnownFileType = sourcecode.c.h; path = JYScrollPageViewConrtoller.h; sourceTree = "<group>"; };
		62FC1DC91C07180F0090D1BB /* JYScrollPageViewConrtoller.m */ = {isa = PBXFileReference; fileEncoding = 4; lastKnownFileType = sourcecode.c.objc; path = JYScrollPageViewConrtoller.m; sourceTree = "<group>"; };
/* End PBXFileReference section */

/* Begin PBXFrameworksBuildPhase section */
		62C3A5B91C031EA800E23FD8 /* Frameworks */ = {
			isa = PBXFrameworksBuildPhase;
			buildActionMask = 2147483647;
			files = (
			);
			runOnlyForDeploymentPostprocessing = 0;
		};
		62C3A5D21C031EA800E23FD8 /* Frameworks */ = {
			isa = PBXFrameworksBuildPhase;
			buildActionMask = 2147483647;
			files = (
			);
			runOnlyForDeploymentPostprocessing = 0;
		};
		62C3A5DD1C031EA800E23FD8 /* Frameworks */ = {
			isa = PBXFrameworksBuildPhase;
			buildActionMask = 2147483647;
			files = (
			);
			runOnlyForDeploymentPostprocessing = 0;
		};
/* End PBXFrameworksBuildPhase section */

/* Begin PBXGroup section */
		62C3A5B31C031EA800E23FD8 = {
			isa = PBXGroup;
			children = (
				62C3A5BE1C031EA800E23FD8 /* JYScrollPageViewController */,
				62C3A5D81C031EA800E23FD8 /* JYScrollPageViewControllerTests */,
				62C3A5E31C031EA800E23FD8 /* JYScrollPageViewControllerUITests */,
				62C3A5BD1C031EA800E23FD8 /* Products */,
			);
			sourceTree = "<group>";
		};
		62C3A5BD1C031EA800E23FD8 /* Products */ = {
			isa = PBXGroup;
			children = (
				62C3A5BC1C031EA800E23FD8 /* JYScrollPageViewController.app */,
				62C3A5D51C031EA800E23FD8 /* JYScrollPageViewControllerTests.xctest */,
				62C3A5E01C031EA800E23FD8 /* JYScrollPageViewControllerUITests.xctest */,
			);
			name = Products;
			sourceTree = "<group>";
		};
		62C3A5BE1C031EA800E23FD8 /* JYScrollPageViewController */ = {
			isa = PBXGroup;
			children = (
				62FC1DC41C07180F0090D1BB /* JYScrollPageViewController */,
				62C3A5C21C031EA800E23FD8 /* AppDelegate.h */,
				62C3A5C31C031EA800E23FD8 /* AppDelegate.m */,
				62FC1DCC1C07189F0090D1BB /* ViewControllers */,
				62C3A5C81C031EA800E23FD8 /* Main.storyboard */,
				62C3A5CB1C031EA800E23FD8 /* Assets.xcassets */,
				62C3A5CD1C031EA800E23FD8 /* LaunchScreen.storyboard */,
				62C3A5D01C031EA800E23FD8 /* Info.plist */,
				62C3A5BF1C031EA800E23FD8 /* Supporting Files */,
			);
			path = JYScrollPageViewController;
			sourceTree = "<group>";
		};
		62C3A5BF1C031EA800E23FD8 /* Supporting Files */ = {
			isa = PBXGroup;
			children = (
				62C3A5C01C031EA800E23FD8 /* main.m */,
			);
			name = "Supporting Files";
			sourceTree = "<group>";
		};
		62C3A5D81C031EA800E23FD8 /* JYScrollPageViewControllerTests */ = {
			isa = PBXGroup;
			children = (
				62C3A5D91C031EA800E23FD8 /* JYScrollPageViewControllerTests.m */,
				62C3A5DB1C031EA800E23FD8 /* Info.plist */,
			);
			path = JYScrollPageViewControllerTests;
			sourceTree = "<group>";
		};
		62C3A5E31C031EA800E23FD8 /* JYScrollPageViewControllerUITests */ = {
			isa = PBXGroup;
			children = (
				62C3A5E41C031EA800E23FD8 /* JYScrollPageViewControllerUITests.m */,
				62C3A5E61C031EA800E23FD8 /* Info.plist */,
			);
			path = JYScrollPageViewControllerUITests;
			sourceTree = "<group>";
		};
		62FC1DC41C07180F0090D1BB /* JYScrollPageViewController */ = {
			isa = PBXGroup;
			children = (
				62FC1DC51C07180F0090D1BB /* JYScrollBar.h */,
				62FC1DC61C07180F0090D1BB /* JYScrollBar.m */,
				62FC1DC71C07180F0090D1BB /* JYScrollPageControllerDelegate.h */,
				62FC1DC81C07180F0090D1BB /* JYScrollPageViewConrtoller.h */,
				62FC1DC91C07180F0090D1BB /* JYScrollPageViewConrtoller.m */,
			);
			path = JYScrollPageViewController;
			sourceTree = "<group>";
		};
		62FC1DCC1C07189F0090D1BB /* ViewControllers */ = {
			isa = PBXGroup;
			children = (
				629B4BB61C03EE8E00F89F92 /* JYPageViewController5.h */,
				629B4BB71C03EE8E00F89F92 /* JYPageViewController5.m */,
				62C3A6041C0370DD00E23FD8 /* JYPageViewController4.h */,
				62C3A6051C0370DD00E23FD8 /* JYPageViewController4.m */,
				62C3A6011C036D3A00E23FD8 /* JYPageViewController3.h */,
				62C3A6021C036D3A00E23FD8 /* JYPageViewController3.m */,
				62C3A5FB1C03395F00E23FD8 /* JYPageViewController1.h */,
				62C3A5FC1C03395F00E23FD8 /* JYPageViewController1.m */,
				62C3A5FE1C03397900E23FD8 /* JYPageViewController2.h */,
				62C3A5FF1C03397900E23FD8 /* JYPageViewController2.m */,
			);
			name = ViewControllers;
			sourceTree = "<group>";
		};
/* End PBXGroup section */

/* Begin PBXNativeTarget section */
		62C3A5BB1C031EA800E23FD8 /* JYScrollPageViewController */ = {
			isa = PBXNativeTarget;
			buildConfigurationList = 62C3A5E91C031EA800E23FD8 /* Build configuration list for PBXNativeTarget "JYScrollPageViewController" */;
			buildPhases = (
				62C3A5B81C031EA800E23FD8 /* Sources */,
				62C3A5B91C031EA800E23FD8 /* Frameworks */,
				62C3A5BA1C031EA800E23FD8 /* Resources */,
			);
			buildRules = (
			);
			dependencies = (
			);
			name = JYScrollPageViewController;
			productName = JYScrollPageViewController;
			productReference = 62C3A5BC1C031EA800E23FD8 /* JYScrollPageViewController.app */;
			productType = "com.apple.product-type.application";
		};
		62C3A5D41C031EA800E23FD8 /* JYScrollPageViewControllerTests */ = {
			isa = PBXNativeTarget;
			buildConfigurationList = 62C3A5EC1C031EA800E23FD8 /* Build configuration list for PBXNativeTarget "JYScrollPageViewControllerTests" */;
			buildPhases = (
				62C3A5D11C031EA800E23FD8 /* Sources */,
				62C3A5D21C031EA800E23FD8 /* Frameworks */,
				62C3A5D31C031EA800E23FD8 /* Resources */,
			);
			buildRules = (
			);
			dependencies = (
				62C3A5D71C031EA800E23FD8 /* PBXTargetDependency */,
			);
			name = JYScrollPageViewControllerTests;
			productName = JYScrollPageViewControllerTests;
			productReference = 62C3A5D51C031EA800E23FD8 /* JYScrollPageViewControllerTests.xctest */;
			productType = "com.apple.product-type.bundle.unit-test";
		};
		62C3A5DF1C031EA800E23FD8 /* JYScrollPageViewControllerUITests */ = {
			isa = PBXNativeTarget;
			buildConfigurationList = 62C3A5EF1C031EA800E23FD8 /* Build configuration list for PBXNativeTarget "JYScrollPageViewControllerUITests" */;
			buildPhases = (
				62C3A5DC1C031EA800E23FD8 /* Sources */,
				62C3A5DD1C031EA800E23FD8 /* Frameworks */,
				62C3A5DE1C031EA800E23FD8 /* Resources */,
			);
			buildRules = (
			);
			dependencies = (
				62C3A5E21C031EA800E23FD8 /* PBXTargetDependency */,
			);
			name = JYScrollPageViewControllerUITests;
			productName = JYScrollPageViewControllerUITests;
			productReference = 62C3A5E01C031EA800E23FD8 /* JYScrollPageViewControllerUITests.xctest */;
			productType = "com.apple.product-type.bundle.ui-testing";
		};
/* End PBXNativeTarget section */

/* Begin PBXProject section */
		62C3A5B41C031EA800E23FD8 /* Project object */ = {
			isa = PBXProject;
			attributes = {
				LastUpgradeCheck = 0710;
				ORGANIZATIONNAME = Joyann;
				TargetAttributes = {
					62C3A5BB1C031EA800E23FD8 = {
						CreatedOnToolsVersion = 7.1.1;
						DevelopmentTeam = H29L2FRL6G;
					};
					62C3A5D41C031EA800E23FD8 = {
						CreatedOnToolsVersion = 7.1.1;
						DevelopmentTeam = H29L2FRL6G;
						TestTargetID = 62C3A5BB1C031EA800E23FD8;
					};
					62C3A5DF1C031EA800E23FD8 = {
						CreatedOnToolsVersion = 7.1.1;
						DevelopmentTeam = H29L2FRL6G;
						TestTargetID = 62C3A5BB1C031EA800E23FD8;
					};
				};
			};
			buildConfigurationList = 62C3A5B71C031EA800E23FD8 /* Build configuration list for PBXProject "JYScrollPageViewController" */;
			compatibilityVersion = "Xcode 3.2";
			developmentRegion = English;
			hasScannedForEncodings = 0;
			knownRegions = (
				en,
				Base,
			);
			mainGroup = 62C3A5B31C031EA800E23FD8;
			productRefGroup = 62C3A5BD1C031EA800E23FD8 /* Products */;
			projectDirPath = "";
			projectRoot = "";
			targets = (
				62C3A5BB1C031EA800E23FD8 /* JYScrollPageViewController */,
				62C3A5D41C031EA800E23FD8 /* JYScrollPageViewControllerTests */,
				62C3A5DF1C031EA800E23FD8 /* JYScrollPageViewControllerUITests */,
			);
		};
/* End PBXProject section */

/* Begin PBXResourcesBuildPhase section */
		62C3A5BA1C031EA800E23FD8 /* Resources */ = {
			isa = PBXResourcesBuildPhase;
			buildActionMask = 2147483647;
			files = (
				62C3A5CF1C031EA800E23FD8 /* LaunchScreen.storyboard in Resources */,
				62C3A5CC1C031EA800E23FD8 /* Assets.xcassets in Resources */,
				62C3A5CA1C031EA800E23FD8 /* Main.storyboard in Resources */,
			);
			runOnlyForDeploymentPostprocessing = 0;
		};
		62C3A5D31C031EA800E23FD8 /* Resources */ = {
			isa = PBXResourcesBuildPhase;
			buildActionMask = 2147483647;
			files = (
			);
			runOnlyForDeploymentPostprocessing = 0;
		};
		62C3A5DE1C031EA800E23FD8 /* Resources */ = {
			isa = PBXResourcesBuildPhase;
			buildActionMask = 2147483647;
			files = (
			);
			runOnlyForDeploymentPostprocessing = 0;
		};
/* End PBXResourcesBuildPhase section */

/* Begin PBXSourcesBuildPhase section */
		62C3A5B81C031EA800E23FD8 /* Sources */ = {
			isa = PBXSourcesBuildPhase;
			buildActionMask = 2147483647;
			files = (
				62C3A5C41C031EA800E23FD8 /* AppDelegate.m in Sources */,
				62C3A5FD1C03395F00E23FD8 /* JYPageViewController1.m in Sources */,
				62C3A6031C036D3A00E23FD8 /* JYPageViewController3.m in Sources */,
				62C3A6001C03397900E23FD8 /* JYPageViewController2.m in Sources */,
				62C3A6061C0370DD00E23FD8 /* JYPageViewController4.m in Sources */,
				629B4BB81C03EE8E00F89F92 /* JYPageViewController5.m in Sources */,
				62C3A5C11C031EA800E23FD8 /* main.m in Sources */,
				62FC1DCA1C07180F0090D1BB /* JYScrollBar.m in Sources */,
				62FC1DCB1C07180F0090D1BB /* JYScrollPageViewConrtoller.m in Sources */,
			);
			runOnlyForDeploymentPostprocessing = 0;
		};
		62C3A5D11C031EA800E23FD8 /* Sources */ = {
			isa = PBXSourcesBuildPhase;
			buildActionMask = 2147483647;
			files = (
				62C3A5DA1C031EA800E23FD8 /* JYScrollPageViewControllerTests.m in Sources */,
			);
			runOnlyForDeploymentPostprocessing = 0;
		};
		62C3A5DC1C031EA800E23FD8 /* Sources */ = {
			isa = PBXSourcesBuildPhase;
			buildActionMask = 2147483647;
			files = (
				62C3A5E51C031EA800E23FD8 /* JYScrollPageViewControllerUITests.m in Sources */,
			);
			runOnlyForDeploymentPostprocessing = 0;
		};
/* End PBXSourcesBuildPhase section */

/* Begin PBXTargetDependency section */
		62C3A5D71C031EA800E23FD8 /* PBXTargetDependency */ = {
			isa = PBXTargetDependency;
			target = 62C3A5BB1C031EA800E23FD8 /* JYScrollPageViewController */;
			targetProxy = 62C3A5D61C031EA800E23FD8 /* PBXContainerItemProxy */;
		};
		62C3A5E21C031EA800E23FD8 /* PBXTargetDependency */ = {
			isa = PBXTargetDependency;
			target = 62C3A5BB1C031EA800E23FD8 /* JYScrollPageViewController */;
			targetProxy = 62C3A5E11C031EA800E23FD8 /* PBXContainerItemProxy */;
		};
/* End PBXTargetDependency section */

/* Begin PBXVariantGroup section */
		62C3A5C81C031EA800E23FD8 /* Main.storyboard */ = {
			isa = PBXVariantGroup;
			children = (
				62C3A5C91C031EA800E23FD8 /* Base */,
			);
			name = Main.storyboard;
			sourceTree = "<group>";
		};
		62C3A5CD1C031EA800E23FD8 /* LaunchScreen.storyboard */ = {
			isa = PBXVariantGroup;
			children = (
				62C3A5CE1C031EA800E23FD8 /* Base */,
			);
			name = LaunchScreen.storyboard;
			sourceTree = "<group>";
		};
/* End PBXVariantGroup section */

/* Begin XCBuildConfiguration section */
		62C3A5E71C031EA800E23FD8 /* Debug */ = {
			isa = XCBuildConfiguration;
			buildSettings = {
				ALWAYS_SEARCH_USER_PATHS = NO;
				CLANG_CXX_LANGUAGE_STANDARD = "gnu++0x";
				CLANG_CXX_LIBRARY = "libc++";
				CLANG_ENABLE_MODULES = YES;
				CLANG_ENABLE_OBJC_ARC = YES;
				CLANG_WARN_BOOL_CONVERSION = YES;
				CLANG_WARN_CONSTANT_CONVERSION = YES;
				CLANG_WARN_DIRECT_OBJC_ISA_USAGE = YES_ERROR;
				CLANG_WARN_EMPTY_BODY = YES;
				CLANG_WARN_ENUM_CONVERSION = YES;
				CLANG_WARN_INT_CONVERSION = YES;
				CLANG_WARN_OBJC_ROOT_CLASS = YES_ERROR;
				CLANG_WARN_UNREACHABLE_CODE = YES;
				CLANG_WARN__DUPLICATE_METHOD_MATCH = YES;
				"CODE_SIGN_IDENTITY[sdk=iphoneos*]" = "iPhone Developer";
				COPY_PHASE_STRIP = NO;
				DEBUG_INFORMATION_FORMAT = dwarf;
				ENABLE_STRICT_OBJC_MSGSEND = YES;
				ENABLE_TESTABILITY = YES;
				GCC_C_LANGUAGE_STANDARD = gnu99;
				GCC_DYNAMIC_NO_PIC = NO;
				GCC_NO_COMMON_BLOCKS = YES;
				GCC_OPTIMIZATION_LEVEL = 0;
				GCC_PREPROCESSOR_DEFINITIONS = (
					"DEBUG=1",
					"$(inherited)",
				);
				GCC_WARN_64_TO_32_BIT_CONVERSION = YES;
				GCC_WARN_ABOUT_RETURN_TYPE = YES_ERROR;
				GCC_WARN_UNDECLARED_SELECTOR = YES;
				GCC_WARN_UNINITIALIZED_AUTOS = YES_AGGRESSIVE;
				GCC_WARN_UNUSED_FUNCTION = YES;
				GCC_WARN_UNUSED_VARIABLE = YES;
				IPHONEOS_DEPLOYMENT_TARGET = 9.1;
				MTL_ENABLE_DEBUG_INFO = YES;
				ONLY_ACTIVE_ARCH = YES;
				SDKROOT = iphoneos;
				TARGETED_DEVICE_FAMILY = "1,2";
			};
			name = Debug;
		};
		62C3A5E81C031EA800E23FD8 /* Release */ = {
			isa = XCBuildConfiguration;
			buildSettings = {
				ALWAYS_SEARCH_USER_PATHS = NO;
				CLANG_CXX_LANGUAGE_STANDARD = "gnu++0x";
				CLANG_CXX_LIBRARY = "libc++";
				CLANG_ENABLE_MODULES = YES;
				CLANG_ENABLE_OBJC_ARC = YES;
				CLANG_WARN_BOOL_CONVERSION = YES;
				CLANG_WARN_CONSTANT_CONVERSION = YES;
				CLANG_WARN_DIRECT_OBJC_ISA_USAGE = YES_ERROR;
				CLANG_WARN_EMPTY_BODY = YES;
				CLANG_WARN_ENUM_CONVERSION = YES;
				CLANG_WARN_INT_CONVERSION = YES;
				CLANG_WARN_OBJC_ROOT_CLASS = YES_ERROR;
				CLANG_WARN_UNREACHABLE_CODE = YES;
				CLANG_WARN__DUPLICATE_METHOD_MATCH = YES;
				"CODE_SIGN_IDENTITY[sdk=iphoneos*]" = "iPhone Developer";
				COPY_PHASE_STRIP = NO;
				DEBUG_INFORMATION_FORMAT = "dwarf-with-dsym";
				ENABLE_NS_ASSERTIONS = NO;
				ENABLE_STRICT_OBJC_MSGSEND = YES;
				GCC_C_LANGUAGE_STANDARD = gnu99;
				GCC_NO_COMMON_BLOCKS = YES;
				GCC_WARN_64_TO_32_BIT_CONVERSION = YES;
				GCC_WARN_ABOUT_RETURN_TYPE = YES_ERROR;
				GCC_WARN_UNDECLARED_SELECTOR = YES;
				GCC_WARN_UNINITIALIZED_AUTOS = YES_AGGRESSIVE;
				GCC_WARN_UNUSED_FUNCTION = YES;
				GCC_WARN_UNUSED_VARIABLE = YES;
				IPHONEOS_DEPLOYMENT_TARGET = 9.1;
				MTL_ENABLE_DEBUG_INFO = NO;
				SDKROOT = iphoneos;
				TARGETED_DEVICE_FAMILY = "1,2";
				VALIDATE_PRODUCT = YES;
			};
			name = Release;
		};
		62C3A5EA1C031EA800E23FD8 /* Debug */ = {
			isa = XCBuildConfiguration;
			buildSettings = {
				ASSETCATALOG_COMPILER_APPICON_NAME = AppIcon;
				INFOPLIST_FILE = JYScrollPageViewController/Info.plist;
				LD_RUNPATH_SEARCH_PATHS = "$(inherited) @executable_path/Frameworks";
				PRODUCT_BUNDLE_IDENTIFIER = com.joyann.JYScrollPageViewController;
				PRODUCT_NAME = "$(TARGET_NAME)";
			};
			name = Debug;
		};
		62C3A5EB1C031EA800E23FD8 /* Release */ = {
			isa = XCBuildConfiguration;
			buildSettings = {
				ASSETCATALOG_COMPILER_APPICON_NAME = AppIcon;
				INFOPLIST_FILE = JYScrollPageViewController/Info.plist;
				LD_RUNPATH_SEARCH_PATHS = "$(inherited) @executable_path/Frameworks";
				PRODUCT_BUNDLE_IDENTIFIER = com.joyann.JYScrollPageViewController;
				PRODUCT_NAME = "$(TARGET_NAME)";
			};
			name = Release;
		};
		62C3A5ED1C031EA800E23FD8 /* Debug */ = {
			isa = XCBuildConfiguration;
			buildSettings = {
				BUNDLE_LOADER = "$(TEST_HOST)";
				INFOPLIST_FILE = JYScrollPageViewControllerTests/Info.plist;
				LD_RUNPATH_SEARCH_PATHS = "$(inherited) @executable_path/Frameworks @loader_path/Frameworks";
				PRODUCT_BUNDLE_IDENTIFIER = com.joyann.JYScrollPageViewControllerTests;
				PRODUCT_NAME = "$(TARGET_NAME)";
				TEST_HOST = "$(BUILT_PRODUCTS_DIR)/JYScrollPageViewController.app/JYScrollPageViewController";
			};
			name = Debug;
		};
		62C3A5EE1C031EA800E23FD8 /* Release */ = {
			isa = XCBuildConfiguration;
			buildSettings = {
				BUNDLE_LOADER = "$(TEST_HOST)";
				INFOPLIST_FILE = JYScrollPageViewControllerTests/Info.plist;
				LD_RUNPATH_SEARCH_PATHS = "$(inherited) @executable_path/Frameworks @loader_path/Frameworks";
				PRODUCT_BUNDLE_IDENTIFIER = com.joyann.JYScrollPageViewControllerTests;
				PRODUCT_NAME = "$(TARGET_NAME)";
				TEST_HOST = "$(BUILT_PRODUCTS_DIR)/JYScrollPageViewController.app/JYScrollPageViewController";
			};
			name = Release;
		};
		62C3A5F01C031EA800E23FD8 /* Debug */ = {
			isa = XCBuildConfiguration;
			buildSettings = {
				INFOPLIST_FILE = JYScrollPageViewControllerUITests/Info.plist;
				LD_RUNPATH_SEARCH_PATHS = "$(inherited) @executable_path/Frameworks @loader_path/Frameworks";
				PRODUCT_BUNDLE_IDENTIFIER = com.joyann.JYScrollPageViewControllerUITests;
				PRODUCT_NAME = "$(TARGET_NAME)";
				TEST_TARGET_NAME = JYScrollPageViewController;
				USES_XCTRUNNER = YES;
			};
			name = Debug;
		};
		62C3A5F11C031EA800E23FD8 /* Release */ = {
			isa = XCBuildConfiguration;
			buildSettings = {
				INFOPLIST_FILE = JYScrollPageViewControllerUITests/Info.plist;
				LD_RUNPATH_SEARCH_PATHS = "$(inherited) @executable_path/Frameworks @loader_path/Frameworks";
				PRODUCT_BUNDLE_IDENTIFIER = com.joyann.JYScrollPageViewControllerUITests;
				PRODUCT_NAME = "$(TARGET_NAME)";
				TEST_TARGET_NAME = JYScrollPageViewController;
				USES_XCTRUNNER = YES;
			};
			name = Release;
		};
/* End XCBuildConfiguration section */

/* Begin XCConfigurationList section */
		62C3A5B71C031EA800E23FD8 /* Build configuration list for PBXProject "JYScrollPageViewController" */ = {
			isa = XCConfigurationList;
			buildConfigurations = (
				62C3A5E71C031EA800E23FD8 /* Debug */,
				62C3A5E81C031EA800E23FD8 /* Release */,
			);
			defaultConfigurationIsVisible = 0;
			defaultConfigurationName = Release;
		};
		62C3A5E91C031EA800E23FD8 /* Build configuration list for PBXNativeTarget "JYScrollPageViewController" */ = {
			isa = XCConfigurationList;
			buildConfigurations = (
				62C3A5EA1C031EA800E23FD8 /* Debug */,
				62C3A5EB1C031EA800E23FD8 /* Release */,
			);
			defaultConfigurationIsVisible = 0;
			defaultConfigurationName = Release;
		};
		62C3A5EC1C031EA800E23FD8 /* Build configuration list for PBXNativeTarget "JYScrollPageViewControllerTests" */ = {
			isa = XCConfigurationList;
			buildConfigurations = (
				62C3A5ED1C031EA800E23FD8 /* Debug */,
				62C3A5EE1C031EA800E23FD8 /* Release */,
			);
			defaultConfigurationIsVisible = 0;
			defaultConfigurationName = Release;
		};
		62C3A5EF1C031EA800E23FD8 /* Build configuration list for PBXNativeTarget "JYScrollPageViewControllerUITests" */ = {
			isa = XCConfigurationList;
			buildConfigurations = (
				62C3A5F01C031EA800E23FD8 /* Debug */,
				62C3A5F11C031EA800E23FD8 /* Release */,
			);
			defaultConfigurationIsVisible = 0;
			defaultConfigurationName = Release;
		};
/* End XCConfigurationList section */
	};
	rootObject = 62C3A5B41C031EA800E23FD8 /* Project object */;
}
